{
    "_readme": [
        "This file locks the dependencies of your project to a known state",
        "Read more about it at https://getcomposer.org/doc/01-basic-usage.md#installing-dependencies",
        "This file is @generated automatically"
    ],
    "content-hash": "3b6afd827bb5e9f30c582bd4cd777c97",
    "packages": [
        {
            "name": "dgr/nohup",
            "version": "v0.1.0",
            "source": {
                "type": "git",
                "url": "https://github.com/imdgr/php-nohup.git",
                "reference": "e281f61ab408dab19b92a5fe6867ffe06416ad96"
            },
            "dist": {
                "type": "zip",
                "url": "https://api.github.com/repos/imdgr/php-nohup/zipball/e281f61ab408dab19b92a5fe6867ffe06416ad96",
                "reference": "e281f61ab408dab19b92a5fe6867ffe06416ad96",
                "shasum": ""
            },
            "require-dev": {
                "phpunit/phpunit": "^5.7"
            },
            "type": "library",
            "autoload": {
                "psr-4": {
                    "dgr\\nohup\\": "src/"
                }
            },
            "notification-url": "https://packagist.org/downloads/",
            "license": [
                "MIT"
            ],
            "authors": [
                {
                    "name": "thrall.chen",
                    "email": "thrall.chen@gmail.com"
                }
            ],
            "description": "A library to run a command in the background, it will return the process's pid, and get it's is running status anytime in the another process, and can be stoped anytime. It support Windows, Linux and Mac osx.",
            "time": "2017-04-20T06:19:17+00:00"
        }
    ],
    "packages-dev": [],
    "aliases": [],
    "minimum-stability": "stable",
    "stability-flags": [],
    "prefer-stable": false,
    "prefer-lowest": false,
    "platform": [],
    "platform-dev": []
}
